
Microsoft Visual Studio Solution File, Format Version 12.00
# Visual Studio Version 17
VisualStudioVersion = 17.11.35312.102
MinimumVisualStudioVersion = 10.0.40219.1
Project("{FAE04EC0-301F-11D3-BF4B-00C04F79EFBC}") = "Blazor_Testy", "Blazor_Testy\Blazor_Testy.csproj", "{110CE618-2512-45E4-A6AF-38F9D7DE8075}"
EndProject
Global
	GlobalSection(SolutionConfigurationPlatforms) = preSolution
		Debug|Any CPU = Debug|Any CPU
		Release|Any CPU = Release|Any CPU
	EndGlobalSection
	GlobalSection(ProjectConfigurationPlatforms) = postSolution
		{110CE618-2512-45E4-A6AF-38F9D7DE8075}.Debug|Any CPU.ActiveCfg = Debug|Any CPU
		{110CE618-2512-45E4-A6AF-38F9D7DE8075}.Debug|Any CPU.Build.0 = Debug|Any CPU
		{110CE618-2512-45E4-A6AF-38F9D7DE8075}.Release|Any CPU.ActiveCfg = Release|Any CPU
		{110CE618-2512-45E4-A6AF-38F9D7DE8075}.Release|Any CPU.Build.0 = Release|Any CPU
	EndGlobalSection
	GlobalSection(SolutionProperties) = preSolution
		HideSolutionNode = FALSE
	EndGlobalSection
	GlobalSection(ExtensibilityGlobals) = postSolution
		SolutionGuid = {69B14334-E6D7-4746-BC69-99125AA96DE1}
	EndGlobalSection
EndGlobal
